
Microsoft Visual Studio Solution File, Format Version 12.00
# Visual Studio 15
VisualStudioVersion = 15.0.28010.2046
MinimumVisualStudioVersion = 10.0.40219.1
Project("{FAE04EC0-301F-11D3-BF4B-00C04F79EFBC}") = "Education2", "Education2\Education2.csproj", "{1B9F19E1-3D6D-456F-AF08-CAE1D2DA314C}"
EndProject
Global
	GlobalSection(SolutionConfigurationPlatforms) = preSolution
		Debug|Any CPU = Debug|Any CPU
		Release|Any CPU = Release|Any CPU
	EndGlobalSection
	GlobalSection(ProjectConfigurationPlatforms) = postSolution
		{1B9F19E1-3D6D-456F-AF08-CAE1D2DA314C}.Debug|Any CPU.ActiveCfg = Debug|Any CPU
		{1B9F19E1-3D6D-456F-AF08-CAE1D2DA314C}.Debug|Any CPU.Build.0 = Debug|Any CPU
		{1B9F19E1-3D6D-456F-AF08-CAE1D2DA314C}.Release|Any CPU.ActiveCfg = Release|Any CPU
		{1B9F19E1-3D6D-456F-AF08-CAE1D2DA314C}.Release|Any CPU.Build.0 = Release|Any CPU
	EndGlobalSection
	GlobalSection(SolutionProperties) = preSolution
		HideSolutionNode = FALSE
	EndGlobalSection
	GlobalSection(ExtensibilityGlobals) = postSolution
		SolutionGuid = {012791DD-7EC8-447D-9290-06404D35C080}
	EndGlobalSection
EndGlobal
